
Microsoft Visual Studio Solution File, Format Version 12.00
# Visual Studio Version 17
VisualStudioVersion = 17.8.34309.116
MinimumVisualStudioVersion = 10.0.40219.1
Project("{2150E333-8FDC-42A3-9474-1A3956D46DE8}") = "APIs", "APIs", "{D0448B81-5EC7-4FEA-A19A-A9088978933E}"
EndProject
Project("{2150E333-8FDC-42A3-9474-1A3956D46DE8}") = "Services", "Services", "{290894D0-FF62-40EE-B0C2-18BCA6FD5EA1}"
EndProject
Project("{2150E333-8FDC-42A3-9474-1A3956D46DE8}") = "Data", "Data", "{6E17E95A-B913-4130-AE9E-9AC0DE21345F}"
EndProject
Project("{9A19103F-16F7-4668-BE54-9A1E7A4F7556}") = "FasterThanYou.Data", "FasterThanYou.Data\FasterThanYou.Data.csproj", "{0BD4C654-169D-44A0-93BC-2F442C2A9512}"
EndProject
Project("{9A19103F-16F7-4668-BE54-9A1E7A4F7556}") = "FasterThanYou.Web.Api", "FasterThanYou.Web.Api\FasterThanYou.Web.Api.csproj", "{D1C539B1-380F-4A12-8F72-1083FE2BEE54}"
EndProject
Project("{9A19103F-16F7-4668-BE54-9A1E7A4F7556}") = "FasterThanYou.Data.Common", "FasterThanYou.Data.Common\FasterThanYou.Data.Common.csproj", "{138BD5A4-AA21-4E1C-8DD3-9F7D47ACBBE1}"
EndProject
Project("{9A19103F-16F7-4668-BE54-9A1E7A4F7556}") = "FasterThanYou.Data.Configuration", "FasterThanYou.Data.Configuration\FasterThanYou.Data.Configuration.csproj", "{A82BF964-DB7A-4B00-8E49-CA3C091897D0}"
EndProject
Project("{9A19103F-16F7-4668-BE54-9A1E7A4F7556}") = "FasterThanYou.Data.Models", "FasterThanYou.Data.Models\FasterThanYou.Data.Models.csproj", "{DE9F84C1-3D12-4541-B127-8D73B2961A86}"
EndProject
Project("{9A19103F-16F7-4668-BE54-9A1E7A4F7556}") = "FasterThanYou.Services", "FasterThanYou.Services\FasterThanYou.Services.csproj", "{57B7918E-9495-4716-B963-23A648708F78}"
EndProject
Project("{9A19103F-16F7-4668-BE54-9A1E7A4F7556}") = "FasterThanYou.Common", "FasterThanYou.Common\FasterThanYou.Common.csproj", "{1C836B97-B64C-4057-A76C-B03DBBF0E75D}"
EndProject
Project("{9A19103F-16F7-4668-BE54-9A1E7A4F7556}") = "FasterThanYou.Web.Infrastructure", "FasterThanYou.Web.Infrastructure\FasterThanYou.Web.Infrastructure.csproj", "{044A3A27-F5D6-4C3B-8174-F8B0A9B2A790}"
EndProject
Project("{9A19103F-16F7-4668-BE54-9A1E7A4F7556}") = "FasterThanYou.Api.Drivers", "APIs\FasterThanYou.Api.Drivers\FasterThanYou.Api.Drivers.csproj", "{8E501A28-80B5-46B2-B9E4-D27552A48AD0}"
EndProject
Project("{9A19103F-16F7-4668-BE54-9A1E7A4F7556}") = "FasterThanYou.Api.RaceSessions", "FasterThanYou.Api.RaceSessions\FasterThanYou.Api.RaceSessions.csproj", "{A7CB010F-FC68-4D1E-8B83-5BB0DACD1C08}"
EndProject
Project("{9A19103F-16F7-4668-BE54-9A1E7A4F7556}") = "FasterThanYou.Api.RaceMeeting", "FasterThanYou.Api.RaceMeeting\FasterThanYou.Api.RaceMeeting.csproj", "{7CC6F8E6-9B13-406F-BADD-C5DC2FF251AA}"
EndProject
Project("{9A19103F-16F7-4668-BE54-9A1E7A4F7556}") = "FasterThanYou.Api.Cars", "FasterThanYou.Api.Cars\FasterThanYou.Api.Cars.csproj", "{1287C2E3-6DD2-4250-B9EF-BEC933A685D9}"
EndProject
Project("{FAE04EC0-301F-11D3-BF4B-00C04F79EFBC}") = "FasterThanYou.Api.Teams", "FasterThanYou.Api.Teams\FasterThanYou.Api.Teams.csproj", "{B06E3F61-A2AC-4D58-8357-3B323C2CAC7E}"
EndProject
Global
	GlobalSection(SolutionConfigurationPlatforms) = preSolution
		Debug|Any CPU = Debug|Any CPU
		Release|Any CPU = Release|Any CPU
	EndGlobalSection
	GlobalSection(ProjectConfigurationPlatforms) = postSolution
		{0BD4C654-169D-44A0-93BC-2F442C2A9512}.Debug|Any CPU.ActiveCfg = Debug|Any CPU
		{0BD4C654-169D-44A0-93BC-2F442C2A9512}.Debug|Any CPU.Build.0 = Debug|Any CPU
		{0BD4C654-169D-44A0-93BC-2F442C2A9512}.Release|Any CPU.ActiveCfg = Release|Any CPU
		{0BD4C654-169D-44A0-93BC-2F442C2A9512}.Release|Any CPU.Build.0 = Release|Any CPU
		{D1C539B1-380F-4A12-8F72-1083FE2BEE54}.Debug|Any CPU.ActiveCfg = Debug|Any CPU
		{D1C539B1-380F-4A12-8F72-1083FE2BEE54}.Debug|Any CPU.Build.0 = Debug|Any CPU
		{D1C539B1-380F-4A12-8F72-1083FE2BEE54}.Release|Any CPU.ActiveCfg = Release|Any CPU
		{D1C539B1-380F-4A12-8F72-1083FE2BEE54}.Release|Any CPU.Build.0 = Release|Any CPU
		{138BD5A4-AA21-4E1C-8DD3-9F7D47ACBBE1}.Debug|Any CPU.ActiveCfg = Debug|Any CPU
		{138BD5A4-AA21-4E1C-8DD3-9F7D47ACBBE1}.Debug|Any CPU.Build.0 = Debug|Any CPU
		{138BD5A4-AA21-4E1C-8DD3-9F7D47ACBBE1}.Release|Any CPU.ActiveCfg = Release|Any CPU
		{138BD5A4-AA21-4E1C-8DD3-9F7D47ACBBE1}.Release|Any CPU.Build.0 = Release|Any CPU
		{A82BF964-DB7A-4B00-8E49-CA3C091897D0}.Debug|Any CPU.ActiveCfg = Debug|Any CPU
		{A82BF964-DB7A-4B00-8E49-CA3C091897D0}.Debug|Any CPU.Build.0 = Debug|Any CPU
		{A82BF964-DB7A-4B00-8E49-CA3C091897D0}.Release|Any CPU.ActiveCfg = Release|Any CPU
		{A82BF964-DB7A-4B00-8E49-CA3C091897D0}.Release|Any CPU.Build.0 = Release|Any CPU
		{DE9F84C1-3D12-4541-B127-8D73B2961A86}.Debug|Any CPU.ActiveCfg = Debug|Any CPU
		{DE9F84C1-3D12-4541-B127-8D73B2961A86}.Debug|Any CPU.Build.0 = Debug|Any CPU
		{DE9F84C1-3D12-4541-B127-8D73B2961A86}.Release|Any CPU.ActiveCfg = Release|Any CPU
		{DE9F84C1-3D12-4541-B127-8D73B2961A86}.Release|Any CPU.Build.0 = Release|Any CPU
		{57B7918E-9495-4716-B963-23A648708F78}.Debug|Any CPU.ActiveCfg = Debug|Any CPU
		{57B7918E-9495-4716-B963-23A648708F78}.Debug|Any CPU.Build.0 = Debug|Any CPU
		{57B7918E-9495-4716-B963-23A648708F78}.Release|Any CPU.ActiveCfg = Release|Any CPU
		{57B7918E-9495-4716-B963-23A648708F78}.Release|Any CPU.Build.0 = Release|Any CPU
		{1C836B97-B64C-4057-A76C-B03DBBF0E75D}.Debug|Any CPU.ActiveCfg = Debug|Any CPU
		{1C836B97-B64C-4057-A76C-B03DBBF0E75D}.Debug|Any CPU.Build.0 = Debug|Any CPU
		{1C836B97-B64C-4057-A76C-B03DBBF0E75D}.Release|Any CPU.ActiveCfg = Release|Any CPU
		{1C836B97-B64C-4057-A76C-B03DBBF0E75D}.Release|Any CPU.Build.0 = Release|Any CPU
		{044A3A27-F5D6-4C3B-8174-F8B0A9B2A790}.Debug|Any CPU.ActiveCfg = Debug|Any CPU
		{044A3A27-F5D6-4C3B-8174-F8B0A9B2A790}.Debug|Any CPU.Build.0 = Debug|Any CPU
		{044A3A27-F5D6-4C3B-8174-F8B0A9B2A790}.Release|Any CPU.ActiveCfg = Release|Any CPU
		{044A3A27-F5D6-4C3B-8174-F8B0A9B2A790}.Release|Any CPU.Build.0 = Release|Any CPU
		{8E501A28-80B5-46B2-B9E4-D27552A48AD0}.Debug|Any CPU.ActiveCfg = Debug|Any CPU
		{8E501A28-80B5-46B2-B9E4-D27552A48AD0}.Debug|Any CPU.Build.0 = Debug|Any CPU
		{8E501A28-80B5-46B2-B9E4-D27552A48AD0}.Release|Any CPU.ActiveCfg = Release|Any CPU
		{8E501A28-80B5-46B2-B9E4-D27552A48AD0}.Release|Any CPU.Build.0 = Release|Any CPU
		{A7CB010F-FC68-4D1E-8B83-5BB0DACD1C08}.Debug|Any CPU.ActiveCfg = Debug|Any CPU
		{A7CB010F-FC68-4D1E-8B83-5BB0DACD1C08}.Debug|Any CPU.Build.0 = Debug|Any CPU
		{A7CB010F-FC68-4D1E-8B83-5BB0DACD1C08}.Release|Any CPU.ActiveCfg = Release|Any CPU
		{A7CB010F-FC68-4D1E-8B83-5BB0DACD1C08}.Release|Any CPU.Build.0 = Release|Any CPU
		{7CC6F8E6-9B13-406F-BADD-C5DC2FF251AA}.Debug|Any CPU.ActiveCfg = Debug|Any CPU
		{7CC6F8E6-9B13-406F-BADD-C5DC2FF251AA}.Debug|Any CPU.Build.0 = Debug|Any CPU
		{7CC6F8E6-9B13-406F-BADD-C5DC2FF251AA}.Release|Any CPU.ActiveCfg = Release|Any CPU
		{7CC6F8E6-9B13-406F-BADD-C5DC2FF251AA}.Release|Any CPU.Build.0 = Release|Any CPU
		{1287C2E3-6DD2-4250-B9EF-BEC933A685D9}.Debug|Any CPU.ActiveCfg = Debug|Any CPU
		{1287C2E3-6DD2-4250-B9EF-BEC933A685D9}.Debug|Any CPU.Build.0 = Debug|Any CPU
		{1287C2E3-6DD2-4250-B9EF-BEC933A685D9}.Release|Any CPU.ActiveCfg = Release|Any CPU
		{1287C2E3-6DD2-4250-B9EF-BEC933A685D9}.Release|Any CPU.Build.0 = Release|Any CPU
		{B06E3F61-A2AC-4D58-8357-3B323C2CAC7E}.Debug|Any CPU.ActiveCfg = Debug|Any CPU
		{B06E3F61-A2AC-4D58-8357-3B323C2CAC7E}.Debug|Any CPU.Build.0 = Debug|Any CPU
		{B06E3F61-A2AC-4D58-8357-3B323C2CAC7E}.Release|Any CPU.ActiveCfg = Release|Any CPU
		{B06E3F61-A2AC-4D58-8357-3B323C2CAC7E}.Release|Any CPU.Build.0 = Release|Any CPU
	EndGlobalSection
	GlobalSection(SolutionProperties) = preSolution
		HideSolutionNode = FALSE
	EndGlobalSection
	GlobalSection(NestedProjects) = preSolution
		{0BD4C654-169D-44A0-93BC-2F442C2A9512} = {6E17E95A-B913-4130-AE9E-9AC0DE21345F}
		{D1C539B1-380F-4A12-8F72-1083FE2BEE54} = {D0448B81-5EC7-4FEA-A19A-A9088978933E}
		{138BD5A4-AA21-4E1C-8DD3-9F7D47ACBBE1} = {6E17E95A-B913-4130-AE9E-9AC0DE21345F}
		{A82BF964-DB7A-4B00-8E49-CA3C091897D0} = {6E17E95A-B913-4130-AE9E-9AC0DE21345F}
		{DE9F84C1-3D12-4541-B127-8D73B2961A86} = {6E17E95A-B913-4130-AE9E-9AC0DE21345F}
		{57B7918E-9495-4716-B963-23A648708F78} = {290894D0-FF62-40EE-B0C2-18BCA6FD5EA1}
		{044A3A27-F5D6-4C3B-8174-F8B0A9B2A790} = {D0448B81-5EC7-4FEA-A19A-A9088978933E}
		{8E501A28-80B5-46B2-B9E4-D27552A48AD0} = {D0448B81-5EC7-4FEA-A19A-A9088978933E}
		{A7CB010F-FC68-4D1E-8B83-5BB0DACD1C08} = {D0448B81-5EC7-4FEA-A19A-A9088978933E}
		{7CC6F8E6-9B13-406F-BADD-C5DC2FF251AA} = {D0448B81-5EC7-4FEA-A19A-A9088978933E}
		{1287C2E3-6DD2-4250-B9EF-BEC933A685D9} = {D0448B81-5EC7-4FEA-A19A-A9088978933E}
		{B06E3F61-A2AC-4D58-8357-3B323C2CAC7E} = {D0448B81-5EC7-4FEA-A19A-A9088978933E}
	EndGlobalSection
	GlobalSection(ExtensibilityGlobals) = postSolution
		SolutionGuid = {39436901-5240-422D-ABB3-F95689D82255}
	EndGlobalSection
EndGlobal
